
Microsoft Visual Studio Solution File, Format Version 12.00
# Visual Studio 2012
Project("{FAE04EC0-301F-11D3-BF4B-00C04F79EFBC}") = "Final", "Final\Final.csproj", "{41FF22EC-0E81-4F3B-98B1-614E4E3A03B4}"
EndProject
Project("{FAE04EC0-301F-11D3-BF4B-00C04F79EFBC}") = "Final.Tests", "Final.Tests\Final.Tests.csproj", "{2FFAAD8E-45EC-4B7E-AB24-59A3387AF7DD}"
EndProject
Global
	GlobalSection(SolutionConfigurationPlatforms) = preSolution
		Debug|Any CPU = Debug|Any CPU
		Release|Any CPU = Release|Any CPU
	EndGlobalSection
	GlobalSection(ProjectConfigurationPlatforms) = postSolution
		{41FF22EC-0E81-4F3B-98B1-614E4E3A03B4}.Debug|Any CPU.ActiveCfg = Debug|Any CPU
		{41FF22EC-0E81-4F3B-98B1-614E4E3A03B4}.Debug|Any CPU.Build.0 = Debug|Any CPU
		{41FF22EC-0E81-4F3B-98B1-614E4E3A03B4}.Release|Any CPU.ActiveCfg = Release|Any CPU
		{41FF22EC-0E81-4F3B-98B1-614E4E3A03B4}.Release|Any CPU.Build.0 = Release|Any CPU
		{2FFAAD8E-45EC-4B7E-AB24-59A3387AF7DD}.Debug|Any CPU.ActiveCfg = Debug|Any CPU
		{2FFAAD8E-45EC-4B7E-AB24-59A3387AF7DD}.Debug|Any CPU.Build.0 = Debug|Any CPU
		{2FFAAD8E-45EC-4B7E-AB24-59A3387AF7DD}.Release|Any CPU.ActiveCfg = Release|Any CPU
		{2FFAAD8E-45EC-4B7E-AB24-59A3387AF7DD}.Release|Any CPU.Build.0 = Release|Any CPU
	EndGlobalSection
	GlobalSection(SolutionProperties) = preSolution
		HideSolutionNode = FALSE
	EndGlobalSection
EndGlobal
